
Microsoft Visual Studio Solution File, Format Version 12.00
# Visual Studio 2013
VisualStudioVersion = 12.0.21005.1
MinimumVisualStudioVersion = 10.0.40219.1
Project("{8BC9CEB8-8B4A-11D0-8D11-00A0C91BC942}") = "cx-win32", "cx-win32.vcxproj", "{7F85A626-F7B4-4E33-A450-2C3025A97298}"
	ProjectSection(ProjectDependencies) = postProject
		{495C0B59-A64B-4767-9357-4EE1D8B2CE08} = {495C0B59-A64B-4767-9357-4EE1D8B2CE08}
	EndProjectSection
EndProject
Project("{8BC9CEB8-8B4A-11D0-8D11-00A0C91BC942}") = "stdio", "..\stdlib\win32\stdio\stdio.vcxproj", "{495C0B59-A64B-4767-9357-4EE1D8B2CE08}"
EndProject
Project("{2150E333-8FDC-42A3-9474-1A3956D46DE8}") = "Solution Items", "Solution Items", "{845578C8-44BD-47D8-AC0E-B5F0BB260F11}"
EndProject
Global
	GlobalSection(SolutionConfigurationPlatforms) = preSolution
		Debug|Win32 = Debug|Win32
		Debug|x64 = Debug|x64
		Release|Win32 = Release|Win32
		Release|x64 = Release|x64
		Worksation-Debug|Win32 = Worksation-Debug|Win32
		Worksation-Debug|x64 = Worksation-Debug|x64
		Workstation-Release|Win32 = Workstation-Release|Win32
		Workstation-Release|x64 = Workstation-Release|x64
	EndGlobalSection
	GlobalSection(ProjectConfigurationPlatforms) = postSolution
		{7F85A626-F7B4-4E33-A450-2C3025A97298}.Debug|Win32.ActiveCfg = Debug|Win32
		{7F85A626-F7B4-4E33-A450-2C3025A97298}.Debug|Win32.Build.0 = Debug|Win32
		{7F85A626-F7B4-4E33-A450-2C3025A97298}.Debug|x64.ActiveCfg = Debug|x64
		{7F85A626-F7B4-4E33-A450-2C3025A97298}.Debug|x64.Build.0 = Debug|x64
		{7F85A626-F7B4-4E33-A450-2C3025A97298}.Release|Win32.ActiveCfg = Release|Win32
		{7F85A626-F7B4-4E33-A450-2C3025A97298}.Release|Win32.Build.0 = Release|Win32
		{7F85A626-F7B4-4E33-A450-2C3025A97298}.Release|x64.ActiveCfg = Release|x64
		{7F85A626-F7B4-4E33-A450-2C3025A97298}.Release|x64.Build.0 = Release|x64
		{7F85A626-F7B4-4E33-A450-2C3025A97298}.Worksation-Debug|Win32.ActiveCfg = Worksation-Debug|Win32
		{7F85A626-F7B4-4E33-A450-2C3025A97298}.Worksation-Debug|Win32.Build.0 = Worksation-Debug|Win32
		{7F85A626-F7B4-4E33-A450-2C3025A97298}.Worksation-Debug|x64.ActiveCfg = Worksation-Debug|Win32
		{7F85A626-F7B4-4E33-A450-2C3025A97298}.Worksation-Debug|x64.Build.0 = Worksation-Debug|Win32
		{7F85A626-F7B4-4E33-A450-2C3025A97298}.Workstation-Release|Win32.ActiveCfg = Workstation-Release|Win32
		{7F85A626-F7B4-4E33-A450-2C3025A97298}.Workstation-Release|Win32.Build.0 = Workstation-Release|Win32
		{7F85A626-F7B4-4E33-A450-2C3025A97298}.Workstation-Release|x64.ActiveCfg = Workstation-Release|x64
		{7F85A626-F7B4-4E33-A450-2C3025A97298}.Workstation-Release|x64.Build.0 = Workstation-Release|x64
		{495C0B59-A64B-4767-9357-4EE1D8B2CE08}.Debug|Win32.ActiveCfg = Debug|Win32
		{495C0B59-A64B-4767-9357-4EE1D8B2CE08}.Debug|Win32.Build.0 = Debug|Win32
		{495C0B59-A64B-4767-9357-4EE1D8B2CE08}.Debug|x64.ActiveCfg = Debug|Win32
		{495C0B59-A64B-4767-9357-4EE1D8B2CE08}.Release|Win32.ActiveCfg = Release|Win32
		{495C0B59-A64B-4767-9357-4EE1D8B2CE08}.Release|Win32.Build.0 = Release|Win32
		{495C0B59-A64B-4767-9357-4EE1D8B2CE08}.Release|x64.ActiveCfg = Release|Win32
		{495C0B59-A64B-4767-9357-4EE1D8B2CE08}.Worksation-Debug|Win32.ActiveCfg = Debug|Win32
		{495C0B59-A64B-4767-9357-4EE1D8B2CE08}.Worksation-Debug|Win32.Build.0 = Debug|Win32
		{495C0B59-A64B-4767-9357-4EE1D8B2CE08}.Worksation-Debug|x64.ActiveCfg = Debug|Win32
		{495C0B59-A64B-4767-9357-4EE1D8B2CE08}.Worksation-Debug|x64.Build.0 = Debug|Win32
		{495C0B59-A64B-4767-9357-4EE1D8B2CE08}.Workstation-Release|Win32.ActiveCfg = Release|Win32
		{495C0B59-A64B-4767-9357-4EE1D8B2CE08}.Workstation-Release|Win32.Build.0 = Release|Win32
		{495C0B59-A64B-4767-9357-4EE1D8B2CE08}.Workstation-Release|x64.ActiveCfg = Release|x64
		{495C0B59-A64B-4767-9357-4EE1D8B2CE08}.Workstation-Release|x64.Build.0 = Release|x64
	EndGlobalSection
	GlobalSection(SolutionProperties) = preSolution
		HideSolutionNode = FALSE
	EndGlobalSection
EndGlobal
