<?xml version="1.0" encoding="utf-8"?>
<Project ToolsVersion="4.0" xmlns="http://schemas.microsoft.com/developer/msbuild/2003">
  <ItemGroup>
    <Filter Include="Source Files">
      <UniqueIdentifier>{4FC737F1-C7A5-4376-A066-2A32D752A2FF}</UniqueIdentifier>
      <Extensions>cpp;c;cc;cxx;def;odl;idl;hpj;bat;asm;asmx</Extensions>
    </Filter>
    <Filter Include="Header Files">
      <UniqueIdentifier>{93995380-89BD-4b04-88EB-625FBE52EBFB}</UniqueIdentifier>
      <Extensions>h;hh;hpp;hxx;hm;inl;inc;xsd</Extensions>
    </Filter>
    <Filter Include="Resource Files">
      <UniqueIdentifier>{67DA6AB6-F800-4c08-8B7A-83BB121AAD01}</UniqueIdentifier>
      <Extensions>rc;ico;cur;bmp;dlg;rc2;rct;bin;rgs;gif;jpg;jpeg;jpe;resx;tiff;tif;png;wav;mfcribbon-ms</Extensions>
    </Filter>
    <Filter Include="Header Files\cx-debug">
      <UniqueIdentifier>{6ea23f69-0ba3-40ac-9947-0dabe4e499c2}</UniqueIdentifier>
    </Filter>
    <Filter Include="Source Files\cx-debug">
      <UniqueIdentifier>{91463980-754f-4ed0-8a5e-f8c14b67981a}</UniqueIdentifier>
    </Filter>
    <Filter Include="Examples">
      <UniqueIdentifier>{74318a3e-b9fd-4d08-aba9-5d1d94ef40b8}</UniqueIdentifier>
    </Filter>
    <Filter Include="stdlib">
      <UniqueIdentifier>{98055e32-568a-4cf8-a6f9-d68b45024518}</UniqueIdentifier>
    </Filter>
  </ItemGroup>
  <ItemGroup>
    <ClInclude Include="..\include\backend.h">
      <Filter>Header Files</Filter>
    </ClInclude>
    <ClInclude Include="..\include\buffer.h">
      <Filter>Header Files</Filter>
    </ClInclude>
    <ClInclude Include="..\include\common.h">
      <Filter>Header Files</Filter>
    </ClInclude>
    <ClInclude Include="..\include\complist.h">
      <Filter>Header Files</Filter>
    </ClInclude>
    <ClInclude Include="..\include\error.h">
      <Filter>Header Files</Filter>
    </ClInclude>
    <ClInclude Include="..\include\icode.h">
      <Filter>Header Files</Filter>
    </ClInclude>
    <ClInclude Include="..\include\misc.h">
      <Filter>Header Files</Filter>
    </ClInclude>
    <ClInclude Include="..\include\parser.h">
      <Filter>Header Files</Filter>
    </ClInclude>
    <ClInclude Include="..\include\scanner.h">
      <Filter>Header Files</Filter>
    </ClInclude>
    <ClInclude Include="..\include\symtable.h">
      <Filter>Header Files</Filter>
    </ClInclude>
    <ClInclude Include="..\include\token.h">
      <Filter>Header Files</Filter>
    </ClInclude>
    <ClInclude Include="..\include\types.h">
      <Filter>Header Files</Filter>
    </ClInclude>
    <ClInclude Include="..\include\cx-debug\exec.h">
      <Filter>Header Files\cx-debug</Filter>
    </ClInclude>
    <ClInclude Include="..\include\cx-debug\rlutil.h">
      <Filter>Header Files\cx-debug</Filter>
    </ClInclude>
    <ClInclude Include="..\include\cx-debug\std_members.h">
      <Filter>Header Files\cx-debug</Filter>
    </ClInclude>
    <ClInclude Include="..\include\cx-debug\cxstdio.h">
      <Filter>Header Files\cx-debug</Filter>
    </ClInclude>
  </ItemGroup>
  <ItemGroup>
    <ClCompile Include="..\src\buffer.cpp">
      <Filter>Source Files</Filter>
    </ClCompile>
    <ClCompile Include="..\src\common.cpp">
      <Filter>Source Files</Filter>
    </ClCompile>
    <ClCompile Include="..\src\complist.cpp">
      <Filter>Source Files</Filter>
    </ClCompile>
    <ClCompile Include="..\src\error.cpp">
      <Filter>Source Files</Filter>
    </ClCompile>
    <ClCompile Include="..\src\icode.cpp">
      <Filter>Source Files</Filter>
    </ClCompile>
    <ClCompile Include="..\src\main.cpp">
      <Filter>Source Files</Filter>
    </ClCompile>
    <ClCompile Include="..\src\parse_declarations.cpp">
      <Filter>Source Files</Filter>
    </ClCompile>
    <ClCompile Include="..\src\parse_directive.cpp">
      <Filter>Source Files</Filter>
    </ClCompile>
    <ClCompile Include="..\src\parse_expression.cpp">
      <Filter>Source Files</Filter>
    </ClCompile>
    <ClCompile Include="..\src\parse_routine1.cpp">
      <Filter>Source Files</Filter>
    </ClCompile>
    <ClCompile Include="..\src\parse_routine2.cpp">
      <Filter>Source Files</Filter>
    </ClCompile>
    <ClCompile Include="..\src\parse_statement.cpp">
      <Filter>Source Files</Filter>
    </ClCompile>
    <ClCompile Include="..\src\parse_type1.cpp">
      <Filter>Source Files</Filter>
    </ClCompile>
    <ClCompile Include="..\src\parse_type2.cpp">
      <Filter>Source Files</Filter>
    </ClCompile>
    <ClCompile Include="..\src\parser.cpp">
      <Filter>Source Files</Filter>
    </ClCompile>
    <ClCompile Include="..\src\scanner.cpp">
      <Filter>Source Files</Filter>
    </ClCompile>
    <ClCompile Include="..\src\symtable.cpp">
      <Filter>Source Files</Filter>
    </ClCompile>
    <ClCompile Include="..\src\tknnum.cpp">
      <Filter>Source Files</Filter>
    </ClCompile>
    <ClCompile Include="..\src\tknstrsp.cpp">
      <Filter>Source Files</Filter>
    </ClCompile>
    <ClCompile Include="..\src\tknword.cpp">
      <Filter>Source Files</Filter>
    </ClCompile>
    <ClCompile Include="..\src\types.cpp">
      <Filter>Source Files</Filter>
    </ClCompile>
    <ClCompile Include="..\src\cx-debug\additive.cpp">
      <Filter>Source Files\cx-debug</Filter>
    </ClCompile>
    <ClCompile Include="..\src\cx-debug\assign.cpp">
      <Filter>Source Files\cx-debug</Filter>
    </ClCompile>
    <ClCompile Include="..\src\cx-debug\do.cpp">
      <Filter>Source Files\cx-debug</Filter>
    </ClCompile>
    <ClCompile Include="..\src\cx-debug\exec.cpp">
      <Filter>Source Files\cx-debug</Filter>
    </ClCompile>
    <ClCompile Include="..\src\cx-debug\expression.cpp">
      <Filter>Source Files\cx-debug</Filter>
    </ClCompile>
    <ClCompile Include="..\src\cx-debug\factor.cpp">
      <Filter>Source Files\cx-debug</Filter>
    </ClCompile>
    <ClCompile Include="..\src\cx-debug\function.cpp">
      <Filter>Source Files\cx-debug</Filter>
    </ClCompile>
    <ClCompile Include="..\src\cx-debug\init_list.cpp">
      <Filter>Source Files\cx-debug</Filter>
    </ClCompile>
    <ClCompile Include="..\src\cx-debug\logical.cpp">
      <Filter>Source Files\cx-debug</Filter>
    </ClCompile>
    <ClCompile Include="..\src\cx-debug\malloc.cpp">
      <Filter>Source Files\cx-debug</Filter>
    </ClCompile>
    <ClCompile Include="..\src\cx-debug\multiplicative.cpp">
      <Filter>Source Files\cx-debug</Filter>
    </ClCompile>
    <ClCompile Include="..\src\cx-debug\relational.cpp">
      <Filter>Source Files\cx-debug</Filter>
    </ClCompile>
    <ClCompile Include="..\src\cx-debug\statment.cpp">
      <Filter>Source Files\cx-debug</Filter>
    </ClCompile>
    <ClCompile Include="..\src\cx-debug\std_members.cpp">
      <Filter>Source Files\cx-debug</Filter>
    </ClCompile>
    <ClCompile Include="..\src\cx-debug\tracer.cpp">
      <Filter>Source Files\cx-debug</Filter>
    </ClCompile>
    <ClCompile Include="..\src\cx-debug\unary.cpp">
      <Filter>Source Files\cx-debug</Filter>
    </ClCompile>
    <ClCompile Include="..\src\cx-debug\while.cpp">
      <Filter>Source Files\cx-debug</Filter>
    </ClCompile>
    <ClCompile Include="..\src\cx-debug\cxstdio.cpp">
      <Filter>Source Files\cx-debug</Filter>
    </ClCompile>
  </ItemGroup>
  <ItemGroup>
    <None Include="..\examples\fizzbuzz.cx">
      <Filter>Examples</Filter>
    </None>
    <None Include="..\examples\array.cx">
      <Filter>Examples</Filter>
    </None>
    <None Include="..\examples\get_put.cx">
      <Filter>Examples</Filter>
    </None>
    <None Include="..\examples\gets.cx">
      <Filter>Examples</Filter>
    </None>
    <None Include="..\examples\int.to_str.cx">
      <Filter>Examples</Filter>
    </None>
    <None Include="..\examples\logical_not.cx">
      <Filter>Examples</Filter>
    </None>
    <None Include="..\examples\radix.cx">
      <Filter>Examples</Filter>
    </None>
    <None Include="..\examples\string.cx">
      <Filter>Examples</Filter>
    </None>
    <None Include="..\examples\to_str.cx">
      <Filter>Examples</Filter>
    </None>
    <None Include="..\examples\type_size.cx">
      <Filter>Examples</Filter>
    </None>
    <None Include="..\stdlib\ctype">
      <Filter>stdlib</Filter>
    </None>
    <None Include="..\stdlib\math">
      <Filter>stdlib</Filter>
    </None>
    <None Include="..\stdlib\stdio">
      <Filter>stdlib</Filter>
    </None>
    <None Include="..\stdlib\string">
      <Filter>stdlib</Filter>
    </None>
    <None Include="..\examples\open.cx">
      <Filter>Examples</Filter>
    </None>
    <None Include="..\examples\reopen.cx">
      <Filter>Examples</Filter>
    </None>
    <None Include="..\examples\exec_test.cx">
      <Filter>Examples</Filter>
    </None>
  </ItemGroup>
</Project>