<?xml version="1.0" encoding="utf-8"?>
<Project ToolsVersion="4.0" xmlns="http://schemas.microsoft.com/developer/msbuild/2003">
  <ItemGroup>
    <Filter Include="Source Files">
      <UniqueIdentifier>{4FC737F1-C7A5-4376-A066-2A32D752A2FF}</UniqueIdentifier>
      <Extensions>cpp;c;cc;cxx;def;odl;idl;hpj;bat;asm;asmx</Extensions>
    </Filter>
    <Filter Include="Header Files">
      <UniqueIdentifier>{93995380-89BD-4b04-88EB-625FBE52EBFB}</UniqueIdentifier>
      <Extensions>h;hh;hpp;hxx;hm;inl;inc;xsd</Extensions>
    </Filter>
    <Filter Include="Resource Files">
      <UniqueIdentifier>{67DA6AB6-F800-4c08-8B7A-83BB121AAD01}</UniqueIdentifier>
      <Extensions>rc;ico;cur;bmp;dlg;rc2;rct;bin;rgs;gif;jpg;jpeg;jpe;resx;tiff;tif;png;wav;mfcribbon-ms</Extensions>
    </Filter>
    <Filter Include="Tests">
      <UniqueIdentifier>{5721468d-783e-4431-a69f-4f2314bcfec1}</UniqueIdentifier>
    </Filter>
    <Filter Include="Documentation">
      <UniqueIdentifier>{d92ea09a-11e3-435c-9067-1483404cc7b0}</UniqueIdentifier>
    </Filter>
    <Filter Include="Standard Library">
      <UniqueIdentifier>{0f673a48-ba6d-42ea-9901-7e5655b16b3f}</UniqueIdentifier>
    </Filter>
    <Filter Include="Standard Library\cx">
      <UniqueIdentifier>{499724ab-beca-4ddf-96f2-0d28ae848f01}</UniqueIdentifier>
    </Filter>
    <Filter Include="Standard Library\lib">
      <UniqueIdentifier>{0cdb9356-24e8-4592-a73b-93a9fa9dc65b}</UniqueIdentifier>
    </Filter>
    <Filter Include="Examples">
      <UniqueIdentifier>{2155e37f-bcce-439b-8b16-a624c4c14d56}</UniqueIdentifier>
    </Filter>
    <Filter Include="Snippits">
      <UniqueIdentifier>{15f14760-ce3e-49b0-9748-f21480f9d15c}</UniqueIdentifier>
    </Filter>
    <Filter Include="Documentation\dev">
      <UniqueIdentifier>{230c1ad0-34c7-4578-9e6f-847b1789cc08}</UniqueIdentifier>
    </Filter>
    <Filter Include="Documentation\language reference">
      <UniqueIdentifier>{95b0e866-476b-4f58-9b34-534a3fb5ac46}</UniqueIdentifier>
    </Filter>
    <Filter Include="Resource Files\notepad++">
      <UniqueIdentifier>{a1954634-dc4b-4ba1-84f7-db926d15b45b}</UniqueIdentifier>
    </Filter>
  </ItemGroup>
  <ItemGroup>
    <ClCompile Include="cxvm.cpp">
      <Filter>Source Files</Filter>
    </ClCompile>
    <ClCompile Include="symtab.cpp">
      <Filter>Source Files</Filter>
    </ClCompile>
    <ClCompile Include="error.cpp">
      <Filter>Source Files</Filter>
    </ClCompile>
    <ClCompile Include="buffer.cpp">
      <Filter>Source Files</Filter>
    </ClCompile>
    <ClCompile Include="main.cpp">
      <Filter>Source Files</Filter>
    </ClCompile>
    <ClCompile Include="parser.cpp">
      <Filter>Source Files</Filter>
    </ClCompile>
    <ClCompile Include="scanner.cpp">
      <Filter>Source Files</Filter>
    </ClCompile>
    <ClCompile Include="tknnum.cpp">
      <Filter>Source Files</Filter>
    </ClCompile>
    <ClCompile Include="tknstrsp.cpp">
      <Filter>Source Files</Filter>
    </ClCompile>
    <ClCompile Include="tknword.cpp">
      <Filter>Source Files</Filter>
    </ClCompile>
    <ClCompile Include="types.cpp">
      <Filter>Source Files</Filter>
    </ClCompile>
    <ClCompile Include="..\stdlib\lib\io\io.cpp">
      <Filter>Standard Library\lib</Filter>
    </ClCompile>
    <ClCompile Include="..\stdlib\lib\math\math.cpp">
      <Filter>Standard Library\lib</Filter>
    </ClCompile>
    <ClCompile Include="..\stdlib\lib\std\std.cpp">
      <Filter>Standard Library\lib</Filter>
    </ClCompile>
    <ClCompile Include="removed\double operations.cpp">
      <Filter>Snippits</Filter>
    </ClCompile>
  </ItemGroup>
  <ItemGroup>
    <ClInclude Include="cxvm.h">
      <Filter>Header Files</Filter>
    </ClInclude>
    <ClInclude Include="symtab.h">
      <Filter>Header Files</Filter>
    </ClInclude>
    <ClInclude Include="error.h">
      <Filter>Header Files</Filter>
    </ClInclude>
    <ClInclude Include="buffer.h">
      <Filter>Header Files</Filter>
    </ClInclude>
    <ClInclude Include="parser.h">
      <Filter>Header Files</Filter>
    </ClInclude>
    <ClInclude Include="scanner.h">
      <Filter>Header Files</Filter>
    </ClInclude>
    <ClInclude Include="token.h">
      <Filter>Header Files</Filter>
    </ClInclude>
    <ClInclude Include="types.h">
      <Filter>Header Files</Filter>
    </ClInclude>
  </ItemGroup>
  <ItemGroup>
    <None Include="..\stdlib\char">
      <Filter>Standard Library\cx</Filter>
    </None>
    <None Include="..\stdlib\io">
      <Filter>Standard Library\cx</Filter>
    </None>
    <None Include="..\stdlib\math">
      <Filter>Standard Library\cx</Filter>
    </None>
    <None Include="..\stdlib\std">
      <Filter>Standard Library\cx</Filter>
    </None>
    <None Include="..\stdlib\string">
      <Filter>Standard Library\cx</Filter>
    </None>
    <None Include="..\stdlib\lib\io\io.def">
      <Filter>Standard Library\lib</Filter>
    </None>
    <None Include="..\stdlib\lib\math\math.def">
      <Filter>Standard Library\lib</Filter>
    </None>
    <None Include="..\stdlib\lib\std\std.def">
      <Filter>Standard Library\lib</Filter>
    </None>
    <None Include="..\README.md">
      <Filter>Documentation</Filter>
    </None>
    <None Include="..\LICENSE">
      <Filter>Documentation</Filter>
    </None>
    <None Include="..\doc\dev\cx_coding_standards.md">
      <Filter>Documentation\dev</Filter>
    </None>
    <None Include="..\doc\dev\preprocessors">
      <Filter>Documentation\dev</Filter>
    </None>
    <None Include="..\doc\language reference\directives.md">
      <Filter>Documentation\language reference</Filter>
    </None>
    <None Include="..\doc\language reference\doc.md">
      <Filter>Documentation\language reference</Filter>
    </None>
    <None Include="..\doc\language reference\extending.md">
      <Filter>Documentation\language reference</Filter>
    </None>
    <None Include="..\doc\language reference\if.md">
      <Filter>Documentation\language reference</Filter>
    </None>
    <None Include="..\doc\language reference\index.md">
      <Filter>Documentation\language reference</Filter>
    </None>
    <None Include="..\doc\language reference\io.md">
      <Filter>Documentation\language reference</Filter>
    </None>
    <None Include="..\doc\language reference\keywords.md">
      <Filter>Documentation\language reference</Filter>
    </None>
    <None Include="..\doc\language reference\kw-template.md">
      <Filter>Documentation\language reference</Filter>
    </None>
    <None Include="..\doc\language reference\operators.md">
      <Filter>Documentation\language reference</Filter>
    </None>
    <None Include="..\doc\language reference\types.md">
      <Filter>Documentation\language reference</Filter>
    </None>
    <None Include="..\doc\language reference\expressions.md">
      <Filter>Documentation\language reference</Filter>
    </None>
    <None Include="..\examples\test.cx">
      <Filter>Examples</Filter>
    </None>
    <None Include="..\doc\language reference\enum.md">
      <Filter>Documentation\language reference</Filter>
    </None>
  </ItemGroup>
  <ItemGroup>
    <Xml Include="..\notepad++\userDefineLang_Cx.xml">
      <Filter>Resource Files\notepad++</Filter>
    </Xml>
  </ItemGroup>
</Project>